{
  "name": "netflow-traffic-accounter",
  "version": "0.4.2",
  "lockfileVersion": 1,
  "requires": true,
  "dependencies": {
    "clone": {
      "version": "1.0.4",
      "resolved": "https://registry.npmjs.org/clone/-/clone-1.0.4.tgz",
      "integrity": "sha1-2jCcwmPfFZlMaIypAheco8fNfH4="
    },
    "debug": {
      "version": "4.3.4",
      "resolved": "https://registry.npmjs.org/debug/-/debug-4.3.4.tgz",
      "integrity": "sha512-PRWFHuSU3eDtQJPvnNY7Jcket1j0t5OuOsFzPPzsekD52Zl8qUfFIPEiswXqIvHWGVHOgX+7G/vCNNhehwxfkQ==",
      "requires": {
        "ms": "2.1.2"
      }
    },
    "dequeue": {
      "version": "1.0.5",
      "resolved": "https://registry.npmjs.org/dequeue/-/dequeue-1.0.5.tgz",
      "integrity": "sha1-EPHO8H4yNLIdyzj0v6LWYDSrZ8c="
    },
    "ms": {
      "version": "2.1.2",
      "resolved": "https://registry.npmjs.org/ms/-/ms-2.1.2.tgz",
      "integrity": "sha512-sGkPx+VjMtmA6MX27oA4FBFELFCZZ4S4XqeGOXCv68tT+jb3vk/RyaKWP0PTKyWtmLSM0b+adUTEvbs1PEaH2w=="
    },
    "netmask": {
      "version": "2.0.1",
      "resolved": "https://registry.npmjs.org/netmask/-/netmask-2.0.1.tgz",
      "integrity": "sha512-gB8eG6ubxz67c7O2gaGiyWdRUIbH61q7anjgueDqCC9kvIs/b4CTtCMaQKeJbv1/Y7FT19I4zKwYmjnjInRQsg=="
    },
    "node-netflowv9": {
      "version": "0.2.16",
      "resolved": "https://registry.npmjs.org/node-netflowv9/-/node-netflowv9-0.2.16.tgz",
      "integrity": "sha512-qpmtJww8dCSDWoBzGbzeEOG7gmiJv02Pfpcs96gHMS3sDFicqAMqM2zCKgDq4Ks2j/iEM0ZZOwP4z5zVISbuBw==",
      "requires": {
        "clone": "^1.0.4",
        "debug": "^4.1.0",
        "dequeue": "^1.0.5"
      }
    }
  }
}
